
Microsoft Visual Studio Solution File, Format Version 12.00
# Visual Studio Version 17
VisualStudioVersion = 17.5.002.0
MinimumVisualStudioVersion = 10.0.40219.1
Project("{9A19103F-16F7-4668-BE54-9A1E7A4F7556}") = "DotnetAPI", "DotnetAPI.csproj", "{CC623231-ABBD-442A-AF75-641556D1454C}"
EndProject
Global
	GlobalSection(SolutionConfigurationPlatforms) = preSolution
		Debug|Any CPU = Debug|Any CPU
		Release|Any CPU = Release|Any CPU
	EndGlobalSection
	GlobalSection(ProjectConfigurationPlatforms) = postSolution
		{CC623231-ABBD-442A-AF75-641556D1454C}.Debug|Any CPU.ActiveCfg = Debug|Any CPU
		{CC623231-ABBD-442A-AF75-641556D1454C}.Debug|Any CPU.Build.0 = Debug|Any CPU
		{CC623231-ABBD-442A-AF75-641556D1454C}.Release|Any CPU.ActiveCfg = Release|Any CPU
		{CC623231-ABBD-442A-AF75-641556D1454C}.Release|Any CPU.Build.0 = Release|Any CPU
	EndGlobalSection
	GlobalSection(SolutionProperties) = preSolution
		HideSolutionNode = FALSE
	EndGlobalSection
	GlobalSection(ExtensibilityGlobals) = postSolution
		SolutionGuid = {ABA4C0C6-118D-4282-A128-BECA0A43E39B}
	EndGlobalSection
EndGlobal
